// !$*UTF8*$!
{
	archiveVersion = 1;
	classes = {
	};
	objectVersion = 48;
	objects = {

/* Begin PBXBuildFile section */
		FD71EC78214FB26F0075CCBB /* AppDelegate.swift in Sources */ = {isa = PBXBuildFile; fileRef = FD71EC77214FB26F0075CCBB /* AppDelegate.swift */; };
		FD71EC7A214FB26F0075CCBB /* CategoriesVC.swift in Sources */ = {isa = PBXBuildFile; fileRef = FD71EC79214FB26F0075CCBB /* CategoriesVC.swift */; };
		FD71EC7D214FB26F0075CCBB /* Main.storyboard in Resources */ = {isa = PBXBuildFile; fileRef = FD71EC7B214FB26F0075CCBB /* Main.storyboard */; };
		FD71EC7F214FB26F0075CCBB /* Assets.xcassets in Resources */ = {isa = PBXBuildFile; fileRef = FD71EC7E214FB26F0075CCBB /* Assets.xcassets */; };
		FD71EC82214FB26F0075CCBB /* LaunchScreen.storyboard in Resources */ = {isa = PBXBuildFile; fileRef = FD71EC80214FB26F0075CCBB /* LaunchScreen.storyboard */; };
		FD71EC8D214FBABE0075CCBB /* CategoryCell.swift in Sources */ = {isa = PBXBuildFile; fileRef = FD71EC8C214FBABE0075CCBB /* CategoryCell.swift */; };
		FD71EC8F2150F7D20075CCBB /* Category.swift in Sources */ = {isa = PBXBuildFile; fileRef = FD71EC8E2150F7D20075CCBB /* Category.swift */; };
		FD71EC922150FA050075CCBB /* DataService.swift in Sources */ = {isa = PBXBuildFile; fileRef = FD71EC912150FA050075CCBB /* DataService.swift */; };
		FD71EC94215118220075CCBB /* ProductCell.swift in Sources */ = {isa = PBXBuildFile; fileRef = FD71EC93215118220075CCBB /* ProductCell.swift */; };
		FD71EC9621511A7F0075CCBB /* Product.swift in Sources */ = {isa = PBXBuildFile; fileRef = FD71EC9521511A7F0075CCBB /* Product.swift */; };
		FD71EC98215123890075CCBB /* ProductVC.swift in Sources */ = {isa = PBXBuildFile; fileRef = FD71EC97215123890075CCBB /* ProductVC.swift */; };
/* End PBXBuildFile section */

/* Begin PBXFileReference section */
		FD71EC74214FB26F0075CCBB /* coder-swag.app */ = {isa = PBXFileReference; explicitFileType = wrapper.application; includeInIndex = 0; path = "coder-swag.app"; sourceTree = BUILT_PRODUCTS_DIR; };
		FD71EC77214FB26F0075CCBB /* AppDelegate.swift */ = {isa = PBXFileReference; lastKnownFileType = sourcecode.swift; path = AppDelegate.swift; sourceTree = "<group>"; };
		FD71EC79214FB26F0075CCBB /* CategoriesVC.swift */ = {isa = PBXFileReference; lastKnownFileType = sourcecode.swift; path = CategoriesVC.swift; sourceTree = "<group>"; };
		FD71EC7C214FB26F0075CCBB /* Base */ = {isa = PBXFileReference; lastKnownFileType = file.storyboard; name = Base; path = Base.lproj/Main.storyboard; sourceTree = "<group>"; };
		FD71EC7E214FB26F0075CCBB /* Assets.xcassets */ = {isa = PBXFileReference; lastKnownFileType = folder.assetcatalog; path = Assets.xcassets; sourceTree = "<group>"; };
		FD71EC81214FB26F0075CCBB /* Base */ = {isa = PBXFileReference; lastKnownFileType = file.storyboard; name = Base; path = Base.lproj/LaunchScreen.storyboard; sourceTree = "<group>"; };
		FD71EC83214FB26F0075CCBB /* Info.plist */ = {isa = PBXFileReference; lastKnownFileType = text.plist.xml; path = Info.plist; sourceTree = "<group>"; };
		FD71EC8C214FBABE0075CCBB /* CategoryCell.swift */ = {isa = PBXFileReference; lastKnownFileType = sourcecode.swift; path = CategoryCell.swift; sourceTree = "<group>"; };
		FD71EC8E2150F7D20075CCBB /* Category.swift */ = {isa = PBXFileReference; lastKnownFileType = sourcecode.swift; path = Category.swift; sourceTree = "<group>"; };
		FD71EC912150FA050075CCBB /* DataService.swift */ = {isa = PBXFileReference; lastKnownFileType = sourcecode.swift; path = DataService.swift; sourceTree = "<group>"; };
		FD71EC93215118220075CCBB /* ProductCell.swift */ = {isa = PBXFileReference; lastKnownFileType = sourcecode.swift; path = ProductCell.swift; sourceTree = "<group>"; };
		FD71EC9521511A7F0075CCBB /* Product.swift */ = {isa = PBXFileReference; lastKnownFileType = sourcecode.swift; path = Product.swift; sourceTree = "<group>"; };
		FD71EC97215123890075CCBB /* ProductVC.swift */ = {isa = PBXFileReference; lastKnownFileType = sourcecode.swift; path = ProductVC.swift; sourceTree = "<group>"; };
/* End PBXFileReference section */

/* Begin PBXFrameworksBuildPhase section */
		FD71EC71214FB26F0075CCBB /* Frameworks */ = {
			isa = PBXFrameworksBuildPhase;
			buildActionMask = 2147483647;
			files = (
			);
			runOnlyForDeploymentPostprocessing = 0;
		};
/* End PBXFrameworksBuildPhase section */

/* Begin PBXGroup section */
		FD71EC6B214FB26F0075CCBB = {
			isa = PBXGroup;
			children = (
				FD71EC76214FB26F0075CCBB /* coder-swag */,
				FD71EC75214FB26F0075CCBB /* Products */,
			);
			sourceTree = "<group>";
		};
		FD71EC75214FB26F0075CCBB /* Products */ = {
			isa = PBXGroup;
			children = (
				FD71EC74214FB26F0075CCBB /* coder-swag.app */,
			);
			name = Products;
			sourceTree = "<group>";
		};
		FD71EC76214FB26F0075CCBB /* coder-swag */ = {
			isa = PBXGroup;
			children = (
				FD71EC902150F9ED0075CCBB /* Service */,
				FD71EC8B214FBA680075CCBB /* View */,
				FD71EC8A214FBA580075CCBB /* Controller */,
				FD71EC89214FBA4F0075CCBB /* Model */,
				FD71EC77214FB26F0075CCBB /* AppDelegate.swift */,
				FD71EC7B214FB26F0075CCBB /* Main.storyboard */,
				FD71EC7E214FB26F0075CCBB /* Assets.xcassets */,
				FD71EC80214FB26F0075CCBB /* LaunchScreen.storyboard */,
				FD71EC83214FB26F0075CCBB /* Info.plist */,
			);
			path = "coder-swag";
			sourceTree = "<group>";
		};
		FD71EC89214FBA4F0075CCBB /* Model */ = {
			isa = PBXGroup;
			children = (
				FD71EC8E2150F7D20075CCBB /* Category.swift */,
				FD71EC9521511A7F0075CCBB /* Product.swift */,
			);
			path = Model;
			sourceTree = "<group>";
		};
		FD71EC8A214FBA580075CCBB /* Controller */ = {
			isa = PBXGroup;
			children = (
				FD71EC79214FB26F0075CCBB /* CategoriesVC.swift */,
				FD71EC97215123890075CCBB /* ProductVC.swift */,
			);
			path = Controller;
			sourceTree = "<group>";
		};
		FD71EC8B214FBA680075CCBB /* View */ = {
			isa = PBXGroup;
			children = (
				FD71EC8C214FBABE0075CCBB /* CategoryCell.swift */,
				FD71EC93215118220075CCBB /* ProductCell.swift */,
			);
			path = View;
			sourceTree = "<group>";
		};
		FD71EC902150F9ED0075CCBB /* Service */ = {
			isa = PBXGroup;
			children = (
				FD71EC912150FA050075CCBB /* DataService.swift */,
			);
			path = Service;
			sourceTree = "<group>";
		};
/* End PBXGroup section */

/* Begin PBXNativeTarget section */
		FD71EC73214FB26F0075CCBB /* coder-swag */ = {
			isa = PBXNativeTarget;
			buildConfigurationList = FD71EC86214FB26F0075CCBB /* Build configuration list for PBXNativeTarget "coder-swag" */;
			buildPhases = (
				FD71EC70214FB26F0075CCBB /* Sources */,
				FD71EC71214FB26F0075CCBB /* Frameworks */,
				FD71EC72214FB26F0075CCBB /* Resources */,
			);
			buildRules = (
			);
			dependencies = (
			);
			name = "coder-swag";
			productName = "coder-swag";
			productReference = FD71EC74214FB26F0075CCBB /* coder-swag.app */;
			productType = "com.apple.product-type.application";
		};
/* End PBXNativeTarget section */

/* Begin PBXProject section */
		FD71EC6C214FB26F0075CCBB /* Project object */ = {
			isa = PBXProject;
			attributes = {
				LastSwiftUpdateCheck = 0900;
				LastUpgradeCheck = 0900;
				ORGANIZATIONNAME = ARATEL;
				TargetAttributes = {
					FD71EC73214FB26F0075CCBB = {
						CreatedOnToolsVersion = 9.0;
						ProvisioningStyle = Automatic;
					};
				};
			};
			buildConfigurationList = FD71EC6F214FB26F0075CCBB /* Build configuration list for PBXProject "coder-swag" */;
			compatibilityVersion = "Xcode 8.0";
			developmentRegion = en;
			hasScannedForEncodings = 0;
			knownRegions = (
				en,
				Base,
			);
			mainGroup = FD71EC6B214FB26F0075CCBB;
			productRefGroup = FD71EC75214FB26F0075CCBB /* Products */;
			projectDirPath = "";
			projectRoot = "";
			targets = (
				FD71EC73214FB26F0075CCBB /* coder-swag */,
			);
		};
/* End PBXProject section */

/* Begin PBXResourcesBuildPhase section */
		FD71EC72214FB26F0075CCBB /* Resources */ = {
			isa = PBXResourcesBuildPhase;
			buildActionMask = 2147483647;
			files = (
				FD71EC82214FB26F0075CCBB /* LaunchScreen.storyboard in Resources */,
				FD71EC7F214FB26F0075CCBB /* Assets.xcassets in Resources */,
				FD71EC7D214FB26F0075CCBB /* Main.storyboard in Resources */,
			);
			runOnlyForDeploymentPostprocessing = 0;
		};
/* End PBXResourcesBuildPhase section */

/* Begin PBXSourcesBuildPhase section */
		FD71EC70214FB26F0075CCBB /* Sources */ = {
			isa = PBXSourcesBuildPhase;
			buildActionMask = 2147483647;
			files = (
				FD71EC7A214FB26F0075CCBB /* CategoriesVC.swift in Sources */,
				FD71EC8D214FBABE0075CCBB /* CategoryCell.swift in Sources */,
				FD71EC78214FB26F0075CCBB /* AppDelegate.swift in Sources */,
				FD71EC94215118220075CCBB /* ProductCell.swift in Sources */,
				FD71EC98215123890075CCBB /* ProductVC.swift in Sources */,
				FD71EC8F2150F7D20075CCBB /* Category.swift in Sources */,
				FD71EC922150FA050075CCBB /* DataService.swift in Sources */,
				FD71EC9621511A7F0075CCBB /* Product.swift in Sources */,
			);
			runOnlyForDeploymentPostprocessing = 0;
		};
/* End PBXSourcesBuildPhase section */

/* Begin PBXVariantGroup section */
		FD71EC7B214FB26F0075CCBB /* Main.storyboard */ = {
			isa = PBXVariantGroup;
			children = (
				FD71EC7C214FB26F0075CCBB /* Base */,
			);
			name = Main.storyboard;
			sourceTree = "<group>";
		};
		FD71EC80214FB26F0075CCBB /* LaunchScreen.storyboard */ = {
			isa = PBXVariantGroup;
			children = (
				FD71EC81214FB26F0075CCBB /* Base */,
			);
			name = LaunchScreen.storyboard;
			sourceTree = "<group>";
		};
/* End PBXVariantGroup section */

/* Begin XCBuildConfiguration section */
		FD71EC84214FB26F0075CCBB /* Debug */ = {
			isa = XCBuildConfiguration;
			buildSettings = {
				ALWAYS_SEARCH_USER_PATHS = NO;
				CLANG_ANALYZER_NONNULL = YES;
				CLANG_ANALYZER_NUMBER_OBJECT_CONVERSION = YES_AGGRESSIVE;
				CLANG_CXX_LANGUAGE_STANDARD = "gnu++14";
				CLANG_CXX_LIBRARY = "libc++";
				CLANG_ENABLE_MODULES = YES;
				CLANG_ENABLE_OBJC_ARC = YES;
				CLANG_WARN_BLOCK_CAPTURE_AUTORELEASING = YES;
				CLANG_WARN_BOOL_CONVERSION = YES;
				CLANG_WARN_COMMA = YES;
				CLANG_WARN_CONSTANT_CONVERSION = YES;
				CLANG_WARN_DIRECT_OBJC_ISA_USAGE = YES_ERROR;
				CLANG_WARN_DOCUMENTATION_COMMENTS = YES;
				CLANG_WARN_EMPTY_BODY = YES;
				CLANG_WARN_ENUM_CONVERSION = YES;
				CLANG_WARN_INFINITE_RECURSION = YES;
				CLANG_WARN_INT_CONVERSION = YES;
				CLANG_WARN_NON_LITERAL_NULL_CONVERSION = YES;
				CLANG_WARN_OBJC_LITERAL_CONVERSION = YES;
				CLANG_WARN_OBJC_ROOT_CLASS = YES_ERROR;
				CLANG_WARN_RANGE_LOOP_ANALYSIS = YES;
				CLANG_WARN_STRICT_PROTOTYPES = YES;
				CLANG_WARN_SUSPICIOUS_MOVE = YES;
				CLANG_WARN_UNGUARDED_AVAILABILITY = YES_AGGRESSIVE;
				CLANG_WARN_UNREACHABLE_CODE = YES;
				CLANG_WARN__DUPLICATE_METHOD_MATCH = YES;
				CODE_SIGN_IDENTITY = "iPhone Developer";
				COPY_PHASE_STRIP = NO;
				DEBUG_INFORMATION_FORMAT = dwarf;
				ENABLE_STRICT_OBJC_MSGSEND = YES;
				ENABLE_TESTABILITY = YES;
				GCC_C_LANGUAGE_STANDARD = gnu11;
				GCC_DYNAMIC_NO_PIC = NO;
				GCC_NO_COMMON_BLOCKS = YES;
				GCC_OPTIMIZATION_LEVEL = 0;
				GCC_PREPROCESSOR_DEFINITIONS = (
					"DEBUG=1",
					"$(inherited)",
				);
				GCC_WARN_64_TO_32_BIT_CONVERSION = YES;
				GCC_WARN_ABOUT_RETURN_TYPE = YES_ERROR;
				GCC_WARN_UNDECLARED_SELECTOR = YES;
				GCC_WARN_UNINITIALIZED_AUTOS = YES_AGGRESSIVE;
				GCC_WARN_UNUSED_FUNCTION = YES;
				GCC_WARN_UNUSED_VARIABLE = YES;
				IPHONEOS_DEPLOYMENT_TARGET = 11.0;
				MTL_ENABLE_DEBUG_INFO = YES;
				ONLY_ACTIVE_ARCH = YES;
				SDKROOT = iphoneos;
				SWIFT_ACTIVE_COMPILATION_CONDITIONS = DEBUG;
				SWIFT_OPTIMIZATION_LEVEL = "-Onone";
			};
			name = Debug;
		};
		FD71EC85214FB26F0075CCBB /* Release */ = {
			isa = XCBuildConfiguration;
			buildSettings = {
				ALWAYS_SEARCH_USER_PATHS = NO;
				CLANG_ANALYZER_NONNULL = YES;
				CLANG_ANALYZER_NUMBER_OBJECT_CONVERSION = YES_AGGRESSIVE;
				CLANG_CXX_LANGUAGE_STANDARD = "gnu++14";
				CLANG_CXX_LIBRARY = "libc++";
				CLANG_ENABLE_MODULES = YES;
				CLANG_ENABLE_OBJC_ARC = YES;
				CLANG_WARN_BLOCK_CAPTURE_AUTORELEASING = YES;
				CLANG_WARN_BOOL_CONVERSION = YES;
				CLANG_WARN_COMMA = YES;
				CLANG_WARN_CONSTANT_CONVERSION = YES;
				CLANG_WARN_DIRECT_OBJC_ISA_USAGE = YES_ERROR;
				CLANG_WARN_DOCUMENTATION_COMMENTS = YES;
				CLANG_WARN_EMPTY_BODY = YES;
				CLANG_WARN_ENUM_CONVERSION = YES;
				CLANG_WARN_INFINITE_RECURSION = YES;
				CLANG_WARN_INT_CONVERSION = YES;
				CLANG_WARN_NON_LITERAL_NULL_CONVERSION = YES;
				CLANG_WARN_OBJC_LITERAL_CONVERSION = YES;
				CLANG_WARN_OBJC_ROOT_CLASS = YES_ERROR;
				CLANG_WARN_RANGE_LOOP_ANALYSIS = YES;
				CLANG_WARN_STRICT_PROTOTYPES = YES;
				CLANG_WARN_SUSPICIOUS_MOVE = YES;
				CLANG_WARN_UNGUARDED_AVAILABILITY = YES_AGGRESSIVE;
				CLANG_WARN_UNREACHABLE_CODE = YES;
				CLANG_WARN__DUPLICATE_METHOD_MATCH = YES;
				CODE_SIGN_IDENTITY = "iPhone Developer";
				COPY_PHASE_STRIP = NO;
				DEBUG_INFORMATION_FORMAT = "dwarf-with-dsym";
				ENABLE_NS_ASSERTIONS = NO;
				ENABLE_STRICT_OBJC_MSGSEND = YES;
				GCC_C_LANGUAGE_STANDARD = gnu11;
				GCC_NO_COMMON_BLOCKS = YES;
				GCC_WARN_64_TO_32_BIT_CONVERSION = YES;
				GCC_WARN_ABOUT_RETURN_TYPE = YES_ERROR;
				GCC_WARN_UNDECLARED_SELECTOR = YES;
				GCC_WARN_UNINITIALIZED_AUTOS = YES_AGGRESSIVE;
				GCC_WARN_UNUSED_FUNCTION = YES;
				GCC_WARN_UNUSED_VARIABLE = YES;
				IPHONEOS_DEPLOYMENT_TARGET = 11.0;
				MTL_ENABLE_DEBUG_INFO = NO;
				SDKROOT = iphoneos;
				SWIFT_OPTIMIZATION_LEVEL = "-Owholemodule";
				VALIDATE_PRODUCT = YES;
			};
			name = Release;
		};
		FD71EC87214FB26F0075CCBB /* Debug */ = {
			isa = XCBuildConfiguration;
			buildSettings = {
				ASSETCATALOG_COMPILER_APPICON_NAME = AppIcon;
				CODE_SIGN_STYLE = Automatic;
				DEVELOPMENT_TEAM = 86JYH63VF3;
				INFOPLIST_FILE = "coder-swag/Info.plist";
				LD_RUNPATH_SEARCH_PATHS = "$(inherited) @executable_path/Frameworks";
				PRODUCT_BUNDLE_IDENTIFIER = "zamanak.coder-swag";
				PRODUCT_NAME = "$(TARGET_NAME)";
				SWIFT_VERSION = 4.0;
				TARGETED_DEVICE_FAMILY = "1,2";
			};
			name = Debug;
		};
		FD71EC88214FB26F0075CCBB /* Release */ = {
			isa = XCBuildConfiguration;
			buildSettings = {
				ASSETCATALOG_COMPILER_APPICON_NAME = AppIcon;
				CODE_SIGN_STYLE = Automatic;
				DEVELOPMENT_TEAM = 86JYH63VF3;
				INFOPLIST_FILE = "coder-swag/Info.plist";
				LD_RUNPATH_SEARCH_PATHS = "$(inherited) @executable_path/Frameworks";
				PRODUCT_BUNDLE_IDENTIFIER = "zamanak.coder-swag";
				PRODUCT_NAME = "$(TARGET_NAME)";
				SWIFT_VERSION = 4.0;
				TARGETED_DEVICE_FAMILY = "1,2";
			};
			name = Release;
		};
/* End XCBuildConfiguration section */

/* Begin XCConfigurationList section */
		FD71EC6F214FB26F0075CCBB /* Build configuration list for PBXProject "coder-swag" */ = {
			isa = XCConfigurationList;
			buildConfigurations = (
				FD71EC84214FB26F0075CCBB /* Debug */,
				FD71EC85214FB26F0075CCBB /* Release */,
			);
			defaultConfigurationIsVisible = 0;
			defaultConfigurationName = Release;
		};
		FD71EC86214FB26F0075CCBB /* Build configuration list for PBXNativeTarget "coder-swag" */ = {
			isa = XCConfigurationList;
			buildConfigurations = (
				FD71EC87214FB26F0075CCBB /* Debug */,
				FD71EC88214FB26F0075CCBB /* Release */,
			);
			defaultConfigurationIsVisible = 0;
			defaultConfigurationName = Release;
		};
/* End XCConfigurationList section */
	};
	rootObject = FD71EC6C214FB26F0075CCBB /* Project object */;
}
